
Microsoft Visual Studio Solution File, Format Version 12.00
# Visual Studio 14
VisualStudioVersion = 14.0.25420.1
MinimumVisualStudioVersion = 10.0.40219.1
Project("{8BC9CEB8-8B4A-11D0-8D11-00A0C91BC942}") = "5.3.1", "5.3.1\5.3.1.vcxproj", "{46EE1558-B8FE-483E-85EF-59D680FDEB60}"
EndProject
Project("{8BC9CEB8-8B4A-11D0-8D11-00A0C91BC942}") = "5.3.2", "5.3.2\5.3.2.vcxproj", "{9A76A38D-87AE-4971-9EEE-B498621BAD40}"
EndProject
Project("{8BC9CEB8-8B4A-11D0-8D11-00A0C91BC942}") = "5.5.2", "5.5.2\5.5.2.vcxproj", "{5C74997E-0857-45A0-961E-FB56551EB786}"
EndProject
Project("{8BC9CEB8-8B4A-11D0-8D11-00A0C91BC942}") = "5.5.3", "5.5.3\5.5.3.vcxproj", "{86BF2237-02A1-4E35-94DA-98CDEECD6EFD}"
EndProject
Project("{8BC9CEB8-8B4A-11D0-8D11-00A0C91BC942}") = "5.5.4", "5.5.4\5.5.4.vcxproj", "{28FA7F29-CF7D-4636-A1EB-386C183B22BF}"
EndProject
Project("{8BC9CEB8-8B4A-11D0-8D11-00A0C91BC942}") = "5.7.1", "5.7.1\5.7.1.vcxproj", "{C9E6563B-F62F-4030-85DA-D52208CAB8D8}"
EndProject
Project("{8BC9CEB8-8B4A-11D0-8D11-00A0C91BC942}") = "5.7.2", "5.7.2\5.7.2.vcxproj", "{507704AB-995E-426B-9F6C-7BE0AB5A3441}"
EndProject
Project("{8BC9CEB8-8B4A-11D0-8D11-00A0C91BC942}") = "5.x.1", "5.x.1\5.x.1.vcxproj", "{5141EE1C-40EA-40B8-926D-8A627E90AA35}"
EndProject
Project("{8BC9CEB8-8B4A-11D0-8D11-00A0C91BC942}") = "5.x.2", "5.x.2\5.x.2.vcxproj", "{D02AE85C-593C-4E5F-A9AF-A65833E27E3E}"
EndProject
Global
	GlobalSection(SolutionConfigurationPlatforms) = preSolution
		Debug|x64 = Debug|x64
		Debug|x86 = Debug|x86
		Release|x64 = Release|x64
		Release|x86 = Release|x86
	EndGlobalSection
	GlobalSection(ProjectConfigurationPlatforms) = postSolution
		{46EE1558-B8FE-483E-85EF-59D680FDEB60}.Debug|x64.ActiveCfg = Debug|x64
		{46EE1558-B8FE-483E-85EF-59D680FDEB60}.Debug|x64.Build.0 = Debug|x64
		{46EE1558-B8FE-483E-85EF-59D680FDEB60}.Debug|x86.ActiveCfg = Debug|Win32
		{46EE1558-B8FE-483E-85EF-59D680FDEB60}.Debug|x86.Build.0 = Debug|Win32
		{46EE1558-B8FE-483E-85EF-59D680FDEB60}.Release|x64.ActiveCfg = Release|x64
		{46EE1558-B8FE-483E-85EF-59D680FDEB60}.Release|x64.Build.0 = Release|x64
		{46EE1558-B8FE-483E-85EF-59D680FDEB60}.Release|x86.ActiveCfg = Release|Win32
		{46EE1558-B8FE-483E-85EF-59D680FDEB60}.Release|x86.Build.0 = Release|Win32
		{9A76A38D-87AE-4971-9EEE-B498621BAD40}.Debug|x64.ActiveCfg = Debug|x64
		{9A76A38D-87AE-4971-9EEE-B498621BAD40}.Debug|x64.Build.0 = Debug|x64
		{9A76A38D-87AE-4971-9EEE-B498621BAD40}.Debug|x86.ActiveCfg = Debug|Win32
		{9A76A38D-87AE-4971-9EEE-B498621BAD40}.Debug|x86.Build.0 = Debug|Win32
		{9A76A38D-87AE-4971-9EEE-B498621BAD40}.Release|x64.ActiveCfg = Release|x64
		{9A76A38D-87AE-4971-9EEE-B498621BAD40}.Release|x64.Build.0 = Release|x64
		{9A76A38D-87AE-4971-9EEE-B498621BAD40}.Release|x86.ActiveCfg = Release|Win32
		{9A76A38D-87AE-4971-9EEE-B498621BAD40}.Release|x86.Build.0 = Release|Win32
		{5C74997E-0857-45A0-961E-FB56551EB786}.Debug|x64.ActiveCfg = Debug|x64
		{5C74997E-0857-45A0-961E-FB56551EB786}.Debug|x64.Build.0 = Debug|x64
		{5C74997E-0857-45A0-961E-FB56551EB786}.Debug|x86.ActiveCfg = Debug|Win32
		{5C74997E-0857-45A0-961E-FB56551EB786}.Debug|x86.Build.0 = Debug|Win32
		{5C74997E-0857-45A0-961E-FB56551EB786}.Release|x64.ActiveCfg = Release|x64
		{5C74997E-0857-45A0-961E-FB56551EB786}.Release|x64.Build.0 = Release|x64
		{5C74997E-0857-45A0-961E-FB56551EB786}.Release|x86.ActiveCfg = Release|Win32
		{5C74997E-0857-45A0-961E-FB56551EB786}.Release|x86.Build.0 = Release|Win32
		{86BF2237-02A1-4E35-94DA-98CDEECD6EFD}.Debug|x64.ActiveCfg = Debug|x64
		{86BF2237-02A1-4E35-94DA-98CDEECD6EFD}.Debug|x64.Build.0 = Debug|x64
		{86BF2237-02A1-4E35-94DA-98CDEECD6EFD}.Debug|x86.ActiveCfg = Debug|Win32
		{86BF2237-02A1-4E35-94DA-98CDEECD6EFD}.Debug|x86.Build.0 = Debug|Win32
		{86BF2237-02A1-4E35-94DA-98CDEECD6EFD}.Release|x64.ActiveCfg = Release|x64
		{86BF2237-02A1-4E35-94DA-98CDEECD6EFD}.Release|x64.Build.0 = Release|x64
		{86BF2237-02A1-4E35-94DA-98CDEECD6EFD}.Release|x86.ActiveCfg = Release|Win32
		{86BF2237-02A1-4E35-94DA-98CDEECD6EFD}.Release|x86.Build.0 = Release|Win32
		{28FA7F29-CF7D-4636-A1EB-386C183B22BF}.Debug|x64.ActiveCfg = Debug|x64
		{28FA7F29-CF7D-4636-A1EB-386C183B22BF}.Debug|x64.Build.0 = Debug|x64
		{28FA7F29-CF7D-4636-A1EB-386C183B22BF}.Debug|x86.ActiveCfg = Debug|Win32
		{28FA7F29-CF7D-4636-A1EB-386C183B22BF}.Debug|x86.Build.0 = Debug|Win32
		{28FA7F29-CF7D-4636-A1EB-386C183B22BF}.Release|x64.ActiveCfg = Release|x64
		{28FA7F29-CF7D-4636-A1EB-386C183B22BF}.Release|x64.Build.0 = Release|x64
		{28FA7F29-CF7D-4636-A1EB-386C183B22BF}.Release|x86.ActiveCfg = Release|Win32
		{28FA7F29-CF7D-4636-A1EB-386C183B22BF}.Release|x86.Build.0 = Release|Win32
		{C9E6563B-F62F-4030-85DA-D52208CAB8D8}.Debug|x64.ActiveCfg = Debug|x64
		{C9E6563B-F62F-4030-85DA-D52208CAB8D8}.Debug|x64.Build.0 = Debug|x64
		{C9E6563B-F62F-4030-85DA-D52208CAB8D8}.Debug|x86.ActiveCfg = Debug|Win32
		{C9E6563B-F62F-4030-85DA-D52208CAB8D8}.Debug|x86.Build.0 = Debug|Win32
		{C9E6563B-F62F-4030-85DA-D52208CAB8D8}.Release|x64.ActiveCfg = Release|x64
		{C9E6563B-F62F-4030-85DA-D52208CAB8D8}.Release|x64.Build.0 = Release|x64
		{C9E6563B-F62F-4030-85DA-D52208CAB8D8}.Release|x86.ActiveCfg = Release|Win32
		{C9E6563B-F62F-4030-85DA-D52208CAB8D8}.Release|x86.Build.0 = Release|Win32
		{507704AB-995E-426B-9F6C-7BE0AB5A3441}.Debug|x64.ActiveCfg = Debug|x64
		{507704AB-995E-426B-9F6C-7BE0AB5A3441}.Debug|x64.Build.0 = Debug|x64
		{507704AB-995E-426B-9F6C-7BE0AB5A3441}.Debug|x86.ActiveCfg = Debug|Win32
		{507704AB-995E-426B-9F6C-7BE0AB5A3441}.Debug|x86.Build.0 = Debug|Win32
		{507704AB-995E-426B-9F6C-7BE0AB5A3441}.Release|x64.ActiveCfg = Release|x64
		{507704AB-995E-426B-9F6C-7BE0AB5A3441}.Release|x64.Build.0 = Release|x64
		{507704AB-995E-426B-9F6C-7BE0AB5A3441}.Release|x86.ActiveCfg = Release|Win32
		{507704AB-995E-426B-9F6C-7BE0AB5A3441}.Release|x86.Build.0 = Release|Win32
		{5141EE1C-40EA-40B8-926D-8A627E90AA35}.Debug|x64.ActiveCfg = Debug|x64
		{5141EE1C-40EA-40B8-926D-8A627E90AA35}.Debug|x64.Build.0 = Debug|x64
		{5141EE1C-40EA-40B8-926D-8A627E90AA35}.Debug|x86.ActiveCfg = Debug|Win32
		{5141EE1C-40EA-40B8-926D-8A627E90AA35}.Debug|x86.Build.0 = Debug|Win32
		{5141EE1C-40EA-40B8-926D-8A627E90AA35}.Release|x64.ActiveCfg = Release|x64
		{5141EE1C-40EA-40B8-926D-8A627E90AA35}.Release|x64.Build.0 = Release|x64
		{5141EE1C-40EA-40B8-926D-8A627E90AA35}.Release|x86.ActiveCfg = Release|Win32
		{5141EE1C-40EA-40B8-926D-8A627E90AA35}.Release|x86.Build.0 = Release|Win32
		{D02AE85C-593C-4E5F-A9AF-A65833E27E3E}.Debug|x64.ActiveCfg = Debug|x64
		{D02AE85C-593C-4E5F-A9AF-A65833E27E3E}.Debug|x64.Build.0 = Debug|x64
		{D02AE85C-593C-4E5F-A9AF-A65833E27E3E}.Debug|x86.ActiveCfg = Debug|Win32
		{D02AE85C-593C-4E5F-A9AF-A65833E27E3E}.Debug|x86.Build.0 = Debug|Win32
		{D02AE85C-593C-4E5F-A9AF-A65833E27E3E}.Release|x64.ActiveCfg = Release|x64
		{D02AE85C-593C-4E5F-A9AF-A65833E27E3E}.Release|x64.Build.0 = Release|x64
		{D02AE85C-593C-4E5F-A9AF-A65833E27E3E}.Release|x86.ActiveCfg = Release|Win32
		{D02AE85C-593C-4E5F-A9AF-A65833E27E3E}.Release|x86.Build.0 = Release|Win32
	EndGlobalSection
	GlobalSection(SolutionProperties) = preSolution
		HideSolutionNode = FALSE
	EndGlobalSection
EndGlobal
