
Microsoft Visual Studio Solution File, Format Version 12.00
# Visual Studio 14
VisualStudioVersion = 14.0.25420.1
MinimumVisualStudioVersion = 10.0.40219.1
Project("{8BC9CEB8-8B4A-11D0-8D11-00A0C91BC942}") = "X1", "X1\X1.vcxproj", "{60A4E887-B229-4FF4-B3A0-95B1972B2A35}"
EndProject
Project("{8BC9CEB8-8B4A-11D0-8D11-00A0C91BC942}") = "X4", "X4\X4.vcxproj", "{483F8654-51CE-40AC-9AB2-18546030884F}"
EndProject
Project("{8BC9CEB8-8B4A-11D0-8D11-00A0C91BC942}") = "X5", "X5\X5.vcxproj", "{3506AA0B-5BDF-4BBC-AA36-20ADEBF28D93}"
EndProject
Project("{8BC9CEB8-8B4A-11D0-8D11-00A0C91BC942}") = "X7", "X7\X7.vcxproj", "{1E8FF5D1-FAB4-4760-9A93-B2475A5E4D67}"
EndProject
Project("{8BC9CEB8-8B4A-11D0-8D11-00A0C91BC942}") = "X9", "X9\X9.vcxproj", "{DC985C9B-2DE2-4D05-BD8C-CA1F7EA8853E}"
EndProject
Project("{8BC9CEB8-8B4A-11D0-8D11-00A0C91BC942}") = "X10", "X10\X10.vcxproj", "{195D3497-8C0B-4C86-9981-B35FC1913CA8}"
EndProject
Project("{8BC9CEB8-8B4A-11D0-8D11-00A0C91BC942}") = "X11", "X11\X11.vcxproj", "{0B03EDFA-335F-4B16-8A51-108A4FF54C7E}"
EndProject
Project("{8BC9CEB8-8B4A-11D0-8D11-00A0C91BC942}") = "X12", "X12\X12.vcxproj", "{A16B550C-21BD-40A4-8ACF-ED81E5E03B65}"
EndProject
Global
	GlobalSection(SolutionConfigurationPlatforms) = preSolution
		Debug|x64 = Debug|x64
		Debug|x86 = Debug|x86
		Release|x64 = Release|x64
		Release|x86 = Release|x86
	EndGlobalSection
	GlobalSection(ProjectConfigurationPlatforms) = postSolution
		{60A4E887-B229-4FF4-B3A0-95B1972B2A35}.Debug|x64.ActiveCfg = Debug|x64
		{60A4E887-B229-4FF4-B3A0-95B1972B2A35}.Debug|x64.Build.0 = Debug|x64
		{60A4E887-B229-4FF4-B3A0-95B1972B2A35}.Debug|x86.ActiveCfg = Debug|Win32
		{60A4E887-B229-4FF4-B3A0-95B1972B2A35}.Debug|x86.Build.0 = Debug|Win32
		{60A4E887-B229-4FF4-B3A0-95B1972B2A35}.Release|x64.ActiveCfg = Release|x64
		{60A4E887-B229-4FF4-B3A0-95B1972B2A35}.Release|x64.Build.0 = Release|x64
		{60A4E887-B229-4FF4-B3A0-95B1972B2A35}.Release|x86.ActiveCfg = Release|Win32
		{60A4E887-B229-4FF4-B3A0-95B1972B2A35}.Release|x86.Build.0 = Release|Win32
		{483F8654-51CE-40AC-9AB2-18546030884F}.Debug|x64.ActiveCfg = Debug|x64
		{483F8654-51CE-40AC-9AB2-18546030884F}.Debug|x64.Build.0 = Debug|x64
		{483F8654-51CE-40AC-9AB2-18546030884F}.Debug|x86.ActiveCfg = Debug|Win32
		{483F8654-51CE-40AC-9AB2-18546030884F}.Debug|x86.Build.0 = Debug|Win32
		{483F8654-51CE-40AC-9AB2-18546030884F}.Release|x64.ActiveCfg = Release|x64
		{483F8654-51CE-40AC-9AB2-18546030884F}.Release|x64.Build.0 = Release|x64
		{483F8654-51CE-40AC-9AB2-18546030884F}.Release|x86.ActiveCfg = Release|Win32
		{483F8654-51CE-40AC-9AB2-18546030884F}.Release|x86.Build.0 = Release|Win32
		{3506AA0B-5BDF-4BBC-AA36-20ADEBF28D93}.Debug|x64.ActiveCfg = Debug|x64
		{3506AA0B-5BDF-4BBC-AA36-20ADEBF28D93}.Debug|x64.Build.0 = Debug|x64
		{3506AA0B-5BDF-4BBC-AA36-20ADEBF28D93}.Debug|x86.ActiveCfg = Debug|Win32
		{3506AA0B-5BDF-4BBC-AA36-20ADEBF28D93}.Debug|x86.Build.0 = Debug|Win32
		{3506AA0B-5BDF-4BBC-AA36-20ADEBF28D93}.Release|x64.ActiveCfg = Release|x64
		{3506AA0B-5BDF-4BBC-AA36-20ADEBF28D93}.Release|x64.Build.0 = Release|x64
		{3506AA0B-5BDF-4BBC-AA36-20ADEBF28D93}.Release|x86.ActiveCfg = Release|Win32
		{3506AA0B-5BDF-4BBC-AA36-20ADEBF28D93}.Release|x86.Build.0 = Release|Win32
		{1E8FF5D1-FAB4-4760-9A93-B2475A5E4D67}.Debug|x64.ActiveCfg = Debug|x64
		{1E8FF5D1-FAB4-4760-9A93-B2475A5E4D67}.Debug|x64.Build.0 = Debug|x64
		{1E8FF5D1-FAB4-4760-9A93-B2475A5E4D67}.Debug|x86.ActiveCfg = Debug|Win32
		{1E8FF5D1-FAB4-4760-9A93-B2475A5E4D67}.Debug|x86.Build.0 = Debug|Win32
		{1E8FF5D1-FAB4-4760-9A93-B2475A5E4D67}.Release|x64.ActiveCfg = Release|x64
		{1E8FF5D1-FAB4-4760-9A93-B2475A5E4D67}.Release|x64.Build.0 = Release|x64
		{1E8FF5D1-FAB4-4760-9A93-B2475A5E4D67}.Release|x86.ActiveCfg = Release|Win32
		{1E8FF5D1-FAB4-4760-9A93-B2475A5E4D67}.Release|x86.Build.0 = Release|Win32
		{DC985C9B-2DE2-4D05-BD8C-CA1F7EA8853E}.Debug|x64.ActiveCfg = Debug|x64
		{DC985C9B-2DE2-4D05-BD8C-CA1F7EA8853E}.Debug|x64.Build.0 = Debug|x64
		{DC985C9B-2DE2-4D05-BD8C-CA1F7EA8853E}.Debug|x86.ActiveCfg = Debug|Win32
		{DC985C9B-2DE2-4D05-BD8C-CA1F7EA8853E}.Debug|x86.Build.0 = Debug|Win32
		{DC985C9B-2DE2-4D05-BD8C-CA1F7EA8853E}.Release|x64.ActiveCfg = Release|x64
		{DC985C9B-2DE2-4D05-BD8C-CA1F7EA8853E}.Release|x64.Build.0 = Release|x64
		{DC985C9B-2DE2-4D05-BD8C-CA1F7EA8853E}.Release|x86.ActiveCfg = Release|Win32
		{DC985C9B-2DE2-4D05-BD8C-CA1F7EA8853E}.Release|x86.Build.0 = Release|Win32
		{195D3497-8C0B-4C86-9981-B35FC1913CA8}.Debug|x64.ActiveCfg = Debug|x64
		{195D3497-8C0B-4C86-9981-B35FC1913CA8}.Debug|x64.Build.0 = Debug|x64
		{195D3497-8C0B-4C86-9981-B35FC1913CA8}.Debug|x86.ActiveCfg = Debug|Win32
		{195D3497-8C0B-4C86-9981-B35FC1913CA8}.Debug|x86.Build.0 = Debug|Win32
		{195D3497-8C0B-4C86-9981-B35FC1913CA8}.Release|x64.ActiveCfg = Release|x64
		{195D3497-8C0B-4C86-9981-B35FC1913CA8}.Release|x64.Build.0 = Release|x64
		{195D3497-8C0B-4C86-9981-B35FC1913CA8}.Release|x86.ActiveCfg = Release|Win32
		{195D3497-8C0B-4C86-9981-B35FC1913CA8}.Release|x86.Build.0 = Release|Win32
		{0B03EDFA-335F-4B16-8A51-108A4FF54C7E}.Debug|x64.ActiveCfg = Debug|x64
		{0B03EDFA-335F-4B16-8A51-108A4FF54C7E}.Debug|x64.Build.0 = Debug|x64
		{0B03EDFA-335F-4B16-8A51-108A4FF54C7E}.Debug|x86.ActiveCfg = Debug|Win32
		{0B03EDFA-335F-4B16-8A51-108A4FF54C7E}.Debug|x86.Build.0 = Debug|Win32
		{0B03EDFA-335F-4B16-8A51-108A4FF54C7E}.Release|x64.ActiveCfg = Release|x64
		{0B03EDFA-335F-4B16-8A51-108A4FF54C7E}.Release|x64.Build.0 = Release|x64
		{0B03EDFA-335F-4B16-8A51-108A4FF54C7E}.Release|x86.ActiveCfg = Release|Win32
		{0B03EDFA-335F-4B16-8A51-108A4FF54C7E}.Release|x86.Build.0 = Release|Win32
		{A16B550C-21BD-40A4-8ACF-ED81E5E03B65}.Debug|x64.ActiveCfg = Debug|x64
		{A16B550C-21BD-40A4-8ACF-ED81E5E03B65}.Debug|x64.Build.0 = Debug|x64
		{A16B550C-21BD-40A4-8ACF-ED81E5E03B65}.Debug|x86.ActiveCfg = Debug|Win32
		{A16B550C-21BD-40A4-8ACF-ED81E5E03B65}.Debug|x86.Build.0 = Debug|Win32
		{A16B550C-21BD-40A4-8ACF-ED81E5E03B65}.Release|x64.ActiveCfg = Release|x64
		{A16B550C-21BD-40A4-8ACF-ED81E5E03B65}.Release|x64.Build.0 = Release|x64
		{A16B550C-21BD-40A4-8ACF-ED81E5E03B65}.Release|x86.ActiveCfg = Release|Win32
		{A16B550C-21BD-40A4-8ACF-ED81E5E03B65}.Release|x86.Build.0 = Release|Win32
	EndGlobalSection
	GlobalSection(SolutionProperties) = preSolution
		HideSolutionNode = FALSE
	EndGlobalSection
EndGlobal
