
Microsoft Visual Studio Solution File, Format Version 12.00
# Visual Studio 14
VisualStudioVersion = 14.0.25420.1
MinimumVisualStudioVersion = 10.0.40219.1
Project("{8BC9CEB8-8B4A-11D0-8D11-00A0C91BC942}") = "7.8.1", "7.8.1\7.8.1.vcxproj", "{B27D2222-1DC9-4F5D-9570-D2B62809ECCC}"
EndProject
Project("{8BC9CEB8-8B4A-11D0-8D11-00A0C91BC942}") = "7.8.2", "7.8.2\7.8.2.vcxproj", "{D0979FC0-4814-422B-BE4C-CEA08A48656B}"
EndProject
Project("{8BC9CEB8-8B4A-11D0-8D11-00A0C91BC942}") = "7.11.1", "7.11.1\7.11.1.vcxproj", "{CEB26A50-A3F9-4555-BCD2-9345DC43178C}"
EndProject
Project("{8BC9CEB8-8B4A-11D0-8D11-00A0C91BC942}") = "7.11.2", "7.11.2\7.11.2.vcxproj", "{7B093173-1651-47DE-B77C-45B4DD3147A8}"
EndProject
Project("{8BC9CEB8-8B4A-11D0-8D11-00A0C91BC942}") = "7.x.3", "7.x.3\7.x.3.vcxproj", "{CAE9686A-7850-46C5-A646-A764165245E9}"
EndProject
Global
	GlobalSection(SolutionConfigurationPlatforms) = preSolution
		Debug|x64 = Debug|x64
		Debug|x86 = Debug|x86
		Release|x64 = Release|x64
		Release|x86 = Release|x86
	EndGlobalSection
	GlobalSection(ProjectConfigurationPlatforms) = postSolution
		{B27D2222-1DC9-4F5D-9570-D2B62809ECCC}.Debug|x64.ActiveCfg = Debug|x64
		{B27D2222-1DC9-4F5D-9570-D2B62809ECCC}.Debug|x64.Build.0 = Debug|x64
		{B27D2222-1DC9-4F5D-9570-D2B62809ECCC}.Debug|x86.ActiveCfg = Debug|Win32
		{B27D2222-1DC9-4F5D-9570-D2B62809ECCC}.Debug|x86.Build.0 = Debug|Win32
		{B27D2222-1DC9-4F5D-9570-D2B62809ECCC}.Release|x64.ActiveCfg = Release|x64
		{B27D2222-1DC9-4F5D-9570-D2B62809ECCC}.Release|x64.Build.0 = Release|x64
		{B27D2222-1DC9-4F5D-9570-D2B62809ECCC}.Release|x86.ActiveCfg = Release|Win32
		{B27D2222-1DC9-4F5D-9570-D2B62809ECCC}.Release|x86.Build.0 = Release|Win32
		{D0979FC0-4814-422B-BE4C-CEA08A48656B}.Debug|x64.ActiveCfg = Debug|x64
		{D0979FC0-4814-422B-BE4C-CEA08A48656B}.Debug|x64.Build.0 = Debug|x64
		{D0979FC0-4814-422B-BE4C-CEA08A48656B}.Debug|x86.ActiveCfg = Debug|Win32
		{D0979FC0-4814-422B-BE4C-CEA08A48656B}.Debug|x86.Build.0 = Debug|Win32
		{D0979FC0-4814-422B-BE4C-CEA08A48656B}.Release|x64.ActiveCfg = Release|x64
		{D0979FC0-4814-422B-BE4C-CEA08A48656B}.Release|x64.Build.0 = Release|x64
		{D0979FC0-4814-422B-BE4C-CEA08A48656B}.Release|x86.ActiveCfg = Release|Win32
		{D0979FC0-4814-422B-BE4C-CEA08A48656B}.Release|x86.Build.0 = Release|Win32
		{CEB26A50-A3F9-4555-BCD2-9345DC43178C}.Debug|x64.ActiveCfg = Debug|x64
		{CEB26A50-A3F9-4555-BCD2-9345DC43178C}.Debug|x64.Build.0 = Debug|x64
		{CEB26A50-A3F9-4555-BCD2-9345DC43178C}.Debug|x86.ActiveCfg = Debug|Win32
		{CEB26A50-A3F9-4555-BCD2-9345DC43178C}.Debug|x86.Build.0 = Debug|Win32
		{CEB26A50-A3F9-4555-BCD2-9345DC43178C}.Release|x64.ActiveCfg = Release|x64
		{CEB26A50-A3F9-4555-BCD2-9345DC43178C}.Release|x64.Build.0 = Release|x64
		{CEB26A50-A3F9-4555-BCD2-9345DC43178C}.Release|x86.ActiveCfg = Release|Win32
		{CEB26A50-A3F9-4555-BCD2-9345DC43178C}.Release|x86.Build.0 = Release|Win32
		{7B093173-1651-47DE-B77C-45B4DD3147A8}.Debug|x64.ActiveCfg = Debug|x64
		{7B093173-1651-47DE-B77C-45B4DD3147A8}.Debug|x64.Build.0 = Debug|x64
		{7B093173-1651-47DE-B77C-45B4DD3147A8}.Debug|x86.ActiveCfg = Debug|Win32
		{7B093173-1651-47DE-B77C-45B4DD3147A8}.Debug|x86.Build.0 = Debug|Win32
		{7B093173-1651-47DE-B77C-45B4DD3147A8}.Release|x64.ActiveCfg = Release|x64
		{7B093173-1651-47DE-B77C-45B4DD3147A8}.Release|x64.Build.0 = Release|x64
		{7B093173-1651-47DE-B77C-45B4DD3147A8}.Release|x86.ActiveCfg = Release|Win32
		{7B093173-1651-47DE-B77C-45B4DD3147A8}.Release|x86.Build.0 = Release|Win32
		{CAE9686A-7850-46C5-A646-A764165245E9}.Debug|x64.ActiveCfg = Debug|x64
		{CAE9686A-7850-46C5-A646-A764165245E9}.Debug|x64.Build.0 = Debug|x64
		{CAE9686A-7850-46C5-A646-A764165245E9}.Debug|x86.ActiveCfg = Debug|Win32
		{CAE9686A-7850-46C5-A646-A764165245E9}.Debug|x86.Build.0 = Debug|Win32
		{CAE9686A-7850-46C5-A646-A764165245E9}.Release|x64.ActiveCfg = Release|x64
		{CAE9686A-7850-46C5-A646-A764165245E9}.Release|x64.Build.0 = Release|x64
		{CAE9686A-7850-46C5-A646-A764165245E9}.Release|x86.ActiveCfg = Release|Win32
		{CAE9686A-7850-46C5-A646-A764165245E9}.Release|x86.Build.0 = Release|Win32
	EndGlobalSection
	GlobalSection(SolutionProperties) = preSolution
		HideSolutionNode = FALSE
	EndGlobalSection
EndGlobal
