
Microsoft Visual Studio Solution File, Format Version 12.00
# Visual Studio 14
VisualStudioVersion = 14.0.25420.1
MinimumVisualStudioVersion = 10.0.40219.1
Project("{8BC9CEB8-8B4A-11D0-8D11-00A0C91BC942}") = "4.1a.1", "4.1a.1\4.1a.1.vcxproj", "{3E60DA73-B383-4B2D-90D6-140068B758AB}"
EndProject
Project("{8BC9CEB8-8B4A-11D0-8D11-00A0C91BC942}") = "4.4b.1", "4.4b.1\4.4b.1.vcxproj", "{C9985248-FAF7-4AEA-BAF4-49A744DDB7A6}"
EndProject
Project("{8BC9CEB8-8B4A-11D0-8D11-00A0C91BC942}") = "4.5.1", "4.5.1\4.5.1.vcxproj", "{FAC888D2-1078-4C23-96E4-138244814D74}"
EndProject
Project("{8BC9CEB8-8B4A-11D0-8D11-00A0C91BC942}") = "4.5.2", "4.5.2\4.5.2.vcxproj", "{64B66C7C-C36D-409C-95DF-5FD668C6028B}"
EndProject
Project("{8BC9CEB8-8B4A-11D0-8D11-00A0C91BC942}") = "4.7.1", "4.7.1\4.7.1.vcxproj", "{03E237CA-7706-464B-A63F-F3222B69443F}"
EndProject
Project("{8BC9CEB8-8B4A-11D0-8D11-00A0C91BC942}") = "4.7.2", "4.7.2\4.7.2.vcxproj", "{EF5FBAD6-68DE-40A8-A6E2-EDA864671BE0}"
EndProject
Project("{8BC9CEB8-8B4A-11D0-8D11-00A0C91BC942}") = "4.x.1", "4.x.1\4.x.1.vcxproj", "{7057C8A0-A550-498F-8852-2C42BF76F1E2}"
EndProject
Global
	GlobalSection(SolutionConfigurationPlatforms) = preSolution
		Debug|x64 = Debug|x64
		Debug|x86 = Debug|x86
		Release|x64 = Release|x64
		Release|x86 = Release|x86
	EndGlobalSection
	GlobalSection(ProjectConfigurationPlatforms) = postSolution
		{3E60DA73-B383-4B2D-90D6-140068B758AB}.Debug|x64.ActiveCfg = Debug|x64
		{3E60DA73-B383-4B2D-90D6-140068B758AB}.Debug|x64.Build.0 = Debug|x64
		{3E60DA73-B383-4B2D-90D6-140068B758AB}.Debug|x86.ActiveCfg = Debug|Win32
		{3E60DA73-B383-4B2D-90D6-140068B758AB}.Debug|x86.Build.0 = Debug|Win32
		{3E60DA73-B383-4B2D-90D6-140068B758AB}.Release|x64.ActiveCfg = Release|x64
		{3E60DA73-B383-4B2D-90D6-140068B758AB}.Release|x64.Build.0 = Release|x64
		{3E60DA73-B383-4B2D-90D6-140068B758AB}.Release|x86.ActiveCfg = Release|Win32
		{3E60DA73-B383-4B2D-90D6-140068B758AB}.Release|x86.Build.0 = Release|Win32
		{C9985248-FAF7-4AEA-BAF4-49A744DDB7A6}.Debug|x64.ActiveCfg = Debug|x64
		{C9985248-FAF7-4AEA-BAF4-49A744DDB7A6}.Debug|x64.Build.0 = Debug|x64
		{C9985248-FAF7-4AEA-BAF4-49A744DDB7A6}.Debug|x86.ActiveCfg = Debug|Win32
		{C9985248-FAF7-4AEA-BAF4-49A744DDB7A6}.Debug|x86.Build.0 = Debug|Win32
		{C9985248-FAF7-4AEA-BAF4-49A744DDB7A6}.Release|x64.ActiveCfg = Release|x64
		{C9985248-FAF7-4AEA-BAF4-49A744DDB7A6}.Release|x64.Build.0 = Release|x64
		{C9985248-FAF7-4AEA-BAF4-49A744DDB7A6}.Release|x86.ActiveCfg = Release|Win32
		{C9985248-FAF7-4AEA-BAF4-49A744DDB7A6}.Release|x86.Build.0 = Release|Win32
		{FAC888D2-1078-4C23-96E4-138244814D74}.Debug|x64.ActiveCfg = Debug|x64
		{FAC888D2-1078-4C23-96E4-138244814D74}.Debug|x64.Build.0 = Debug|x64
		{FAC888D2-1078-4C23-96E4-138244814D74}.Debug|x86.ActiveCfg = Debug|Win32
		{FAC888D2-1078-4C23-96E4-138244814D74}.Debug|x86.Build.0 = Debug|Win32
		{FAC888D2-1078-4C23-96E4-138244814D74}.Release|x64.ActiveCfg = Release|x64
		{FAC888D2-1078-4C23-96E4-138244814D74}.Release|x64.Build.0 = Release|x64
		{FAC888D2-1078-4C23-96E4-138244814D74}.Release|x86.ActiveCfg = Release|Win32
		{FAC888D2-1078-4C23-96E4-138244814D74}.Release|x86.Build.0 = Release|Win32
		{64B66C7C-C36D-409C-95DF-5FD668C6028B}.Debug|x64.ActiveCfg = Debug|x64
		{64B66C7C-C36D-409C-95DF-5FD668C6028B}.Debug|x64.Build.0 = Debug|x64
		{64B66C7C-C36D-409C-95DF-5FD668C6028B}.Debug|x86.ActiveCfg = Debug|Win32
		{64B66C7C-C36D-409C-95DF-5FD668C6028B}.Debug|x86.Build.0 = Debug|Win32
		{64B66C7C-C36D-409C-95DF-5FD668C6028B}.Release|x64.ActiveCfg = Release|x64
		{64B66C7C-C36D-409C-95DF-5FD668C6028B}.Release|x64.Build.0 = Release|x64
		{64B66C7C-C36D-409C-95DF-5FD668C6028B}.Release|x86.ActiveCfg = Release|Win32
		{64B66C7C-C36D-409C-95DF-5FD668C6028B}.Release|x86.Build.0 = Release|Win32
		{03E237CA-7706-464B-A63F-F3222B69443F}.Debug|x64.ActiveCfg = Debug|x64
		{03E237CA-7706-464B-A63F-F3222B69443F}.Debug|x64.Build.0 = Debug|x64
		{03E237CA-7706-464B-A63F-F3222B69443F}.Debug|x86.ActiveCfg = Debug|Win32
		{03E237CA-7706-464B-A63F-F3222B69443F}.Debug|x86.Build.0 = Debug|Win32
		{03E237CA-7706-464B-A63F-F3222B69443F}.Release|x64.ActiveCfg = Release|x64
		{03E237CA-7706-464B-A63F-F3222B69443F}.Release|x64.Build.0 = Release|x64
		{03E237CA-7706-464B-A63F-F3222B69443F}.Release|x86.ActiveCfg = Release|Win32
		{03E237CA-7706-464B-A63F-F3222B69443F}.Release|x86.Build.0 = Release|Win32
		{EF5FBAD6-68DE-40A8-A6E2-EDA864671BE0}.Debug|x64.ActiveCfg = Debug|x64
		{EF5FBAD6-68DE-40A8-A6E2-EDA864671BE0}.Debug|x64.Build.0 = Debug|x64
		{EF5FBAD6-68DE-40A8-A6E2-EDA864671BE0}.Debug|x86.ActiveCfg = Debug|Win32
		{EF5FBAD6-68DE-40A8-A6E2-EDA864671BE0}.Debug|x86.Build.0 = Debug|Win32
		{EF5FBAD6-68DE-40A8-A6E2-EDA864671BE0}.Release|x64.ActiveCfg = Release|x64
		{EF5FBAD6-68DE-40A8-A6E2-EDA864671BE0}.Release|x64.Build.0 = Release|x64
		{EF5FBAD6-68DE-40A8-A6E2-EDA864671BE0}.Release|x86.ActiveCfg = Release|Win32
		{EF5FBAD6-68DE-40A8-A6E2-EDA864671BE0}.Release|x86.Build.0 = Release|Win32
		{7057C8A0-A550-498F-8852-2C42BF76F1E2}.Debug|x64.ActiveCfg = Debug|x64
		{7057C8A0-A550-498F-8852-2C42BF76F1E2}.Debug|x64.Build.0 = Debug|x64
		{7057C8A0-A550-498F-8852-2C42BF76F1E2}.Debug|x86.ActiveCfg = Debug|Win32
		{7057C8A0-A550-498F-8852-2C42BF76F1E2}.Debug|x86.Build.0 = Debug|Win32
		{7057C8A0-A550-498F-8852-2C42BF76F1E2}.Release|x64.ActiveCfg = Release|x64
		{7057C8A0-A550-498F-8852-2C42BF76F1E2}.Release|x64.Build.0 = Release|x64
		{7057C8A0-A550-498F-8852-2C42BF76F1E2}.Release|x86.ActiveCfg = Release|Win32
		{7057C8A0-A550-498F-8852-2C42BF76F1E2}.Release|x86.Build.0 = Release|Win32
	EndGlobalSection
	GlobalSection(SolutionProperties) = preSolution
		HideSolutionNode = FALSE
	EndGlobalSection
EndGlobal
