
Microsoft Visual Studio Solution File, Format Version 12.00
# Visual Studio 14
VisualStudioVersion = 14.0.25420.1
MinimumVisualStudioVersion = 10.0.40219.1
Project("{8BC9CEB8-8B4A-11D0-8D11-00A0C91BC942}") = "2.2", "2.2\2.2.vcxproj", "{A89B9418-0B63-4F8E-B5BD-AD43234A0314}"
EndProject
Project("{8BC9CEB8-8B4A-11D0-8D11-00A0C91BC942}") = "4.2", "4.2\4.2.vcxproj", "{C7638C99-5131-479B-9FF5-EAD7BF1E616F}"
EndProject
Project("{8BC9CEB8-8B4A-11D0-8D11-00A0C91BC942}") = "4.3", "4.3\4.3.vcxproj", "{759178D8-202D-4422-AF78-9EAFEE9BAE36}"
EndProject
Project("{8BC9CEB8-8B4A-11D0-8D11-00A0C91BC942}") = "4.4", "4.4\4.4.vcxproj", "{0B6121B1-687C-4ED7-A549-88DFA99940FD}"
EndProject
Project("{8BC9CEB8-8B4A-11D0-8D11-00A0C91BC942}") = "9a.1", "9a.1\9a.1.vcxproj", "{AFEA1ACD-5F75-4797-8522-235ABFDF2D1A}"
EndProject
Project("{8BC9CEB8-8B4A-11D0-8D11-00A0C91BC942}") = "12a.1", "12a.1\12a.1.vcxproj", "{D7ACCF6B-F965-4A85-9487-E5C1213B2551}"
EndProject
Project("{8BC9CEB8-8B4A-11D0-8D11-00A0C91BC942}") = "X.1", "Quiz\Quiz.vcxproj", "{61521F85-A90F-402F-BBDD-A7804C95D609}"
EndProject
Project("{8BC9CEB8-8B4A-11D0-8D11-00A0C91BC942}") = "X.2", "X.2\X.2.vcxproj", "{DD444182-53F6-4ED1-9A56-809CF0906D75}"
EndProject
Project("{8BC9CEB8-8B4A-11D0-8D11-00A0C91BC942}") = "X.3", "X.3\X.3.vcxproj", "{22604CF8-26BB-4EFD-AF5A-9D814BE164F2}"
EndProject
Project("{8BC9CEB8-8B4A-11D0-8D11-00A0C91BC942}") = "X.4", "X.4\X.4.vcxproj", "{CF17009F-081E-4921-8FC1-74D571E085BA}"
EndProject
Project("{8BC9CEB8-8B4A-11D0-8D11-00A0C91BC942}") = "X.6", "X.6\X.6.vcxproj", "{FE5C3832-F0E0-459F-816C-CA00AEC8E2E4}"
EndProject
Project("{8BC9CEB8-8B4A-11D0-8D11-00A0C91BC942}") = "X.7", "X.7\X.7.vcxproj", "{6723A93F-98D5-4564-89AD-A82F25533691}"
EndProject
Global
	GlobalSection(SolutionConfigurationPlatforms) = preSolution
		Debug|x64 = Debug|x64
		Debug|x86 = Debug|x86
		Release|x64 = Release|x64
		Release|x86 = Release|x86
	EndGlobalSection
	GlobalSection(ProjectConfigurationPlatforms) = postSolution
		{A89B9418-0B63-4F8E-B5BD-AD43234A0314}.Debug|x64.ActiveCfg = Debug|x64
		{A89B9418-0B63-4F8E-B5BD-AD43234A0314}.Debug|x64.Build.0 = Debug|x64
		{A89B9418-0B63-4F8E-B5BD-AD43234A0314}.Debug|x86.ActiveCfg = Debug|Win32
		{A89B9418-0B63-4F8E-B5BD-AD43234A0314}.Debug|x86.Build.0 = Debug|Win32
		{A89B9418-0B63-4F8E-B5BD-AD43234A0314}.Release|x64.ActiveCfg = Release|x64
		{A89B9418-0B63-4F8E-B5BD-AD43234A0314}.Release|x64.Build.0 = Release|x64
		{A89B9418-0B63-4F8E-B5BD-AD43234A0314}.Release|x86.ActiveCfg = Release|Win32
		{A89B9418-0B63-4F8E-B5BD-AD43234A0314}.Release|x86.Build.0 = Release|Win32
		{C7638C99-5131-479B-9FF5-EAD7BF1E616F}.Debug|x64.ActiveCfg = Debug|x64
		{C7638C99-5131-479B-9FF5-EAD7BF1E616F}.Debug|x64.Build.0 = Debug|x64
		{C7638C99-5131-479B-9FF5-EAD7BF1E616F}.Debug|x86.ActiveCfg = Debug|Win32
		{C7638C99-5131-479B-9FF5-EAD7BF1E616F}.Debug|x86.Build.0 = Debug|Win32
		{C7638C99-5131-479B-9FF5-EAD7BF1E616F}.Release|x64.ActiveCfg = Release|x64
		{C7638C99-5131-479B-9FF5-EAD7BF1E616F}.Release|x64.Build.0 = Release|x64
		{C7638C99-5131-479B-9FF5-EAD7BF1E616F}.Release|x86.ActiveCfg = Release|Win32
		{C7638C99-5131-479B-9FF5-EAD7BF1E616F}.Release|x86.Build.0 = Release|Win32
		{759178D8-202D-4422-AF78-9EAFEE9BAE36}.Debug|x64.ActiveCfg = Debug|x64
		{759178D8-202D-4422-AF78-9EAFEE9BAE36}.Debug|x64.Build.0 = Debug|x64
		{759178D8-202D-4422-AF78-9EAFEE9BAE36}.Debug|x86.ActiveCfg = Debug|Win32
		{759178D8-202D-4422-AF78-9EAFEE9BAE36}.Debug|x86.Build.0 = Debug|Win32
		{759178D8-202D-4422-AF78-9EAFEE9BAE36}.Release|x64.ActiveCfg = Release|x64
		{759178D8-202D-4422-AF78-9EAFEE9BAE36}.Release|x64.Build.0 = Release|x64
		{759178D8-202D-4422-AF78-9EAFEE9BAE36}.Release|x86.ActiveCfg = Release|Win32
		{759178D8-202D-4422-AF78-9EAFEE9BAE36}.Release|x86.Build.0 = Release|Win32
		{0B6121B1-687C-4ED7-A549-88DFA99940FD}.Debug|x64.ActiveCfg = Debug|x64
		{0B6121B1-687C-4ED7-A549-88DFA99940FD}.Debug|x64.Build.0 = Debug|x64
		{0B6121B1-687C-4ED7-A549-88DFA99940FD}.Debug|x86.ActiveCfg = Debug|Win32
		{0B6121B1-687C-4ED7-A549-88DFA99940FD}.Debug|x86.Build.0 = Debug|Win32
		{0B6121B1-687C-4ED7-A549-88DFA99940FD}.Release|x64.ActiveCfg = Release|x64
		{0B6121B1-687C-4ED7-A549-88DFA99940FD}.Release|x64.Build.0 = Release|x64
		{0B6121B1-687C-4ED7-A549-88DFA99940FD}.Release|x86.ActiveCfg = Release|Win32
		{0B6121B1-687C-4ED7-A549-88DFA99940FD}.Release|x86.Build.0 = Release|Win32
		{AFEA1ACD-5F75-4797-8522-235ABFDF2D1A}.Debug|x64.ActiveCfg = Debug|x64
		{AFEA1ACD-5F75-4797-8522-235ABFDF2D1A}.Debug|x64.Build.0 = Debug|x64
		{AFEA1ACD-5F75-4797-8522-235ABFDF2D1A}.Debug|x86.ActiveCfg = Debug|Win32
		{AFEA1ACD-5F75-4797-8522-235ABFDF2D1A}.Debug|x86.Build.0 = Debug|Win32
		{AFEA1ACD-5F75-4797-8522-235ABFDF2D1A}.Release|x64.ActiveCfg = Release|x64
		{AFEA1ACD-5F75-4797-8522-235ABFDF2D1A}.Release|x64.Build.0 = Release|x64
		{AFEA1ACD-5F75-4797-8522-235ABFDF2D1A}.Release|x86.ActiveCfg = Release|Win32
		{AFEA1ACD-5F75-4797-8522-235ABFDF2D1A}.Release|x86.Build.0 = Release|Win32
		{D7ACCF6B-F965-4A85-9487-E5C1213B2551}.Debug|x64.ActiveCfg = Debug|x64
		{D7ACCF6B-F965-4A85-9487-E5C1213B2551}.Debug|x64.Build.0 = Debug|x64
		{D7ACCF6B-F965-4A85-9487-E5C1213B2551}.Debug|x86.ActiveCfg = Debug|Win32
		{D7ACCF6B-F965-4A85-9487-E5C1213B2551}.Debug|x86.Build.0 = Debug|Win32
		{D7ACCF6B-F965-4A85-9487-E5C1213B2551}.Release|x64.ActiveCfg = Release|x64
		{D7ACCF6B-F965-4A85-9487-E5C1213B2551}.Release|x64.Build.0 = Release|x64
		{D7ACCF6B-F965-4A85-9487-E5C1213B2551}.Release|x86.ActiveCfg = Release|Win32
		{D7ACCF6B-F965-4A85-9487-E5C1213B2551}.Release|x86.Build.0 = Release|Win32
		{61521F85-A90F-402F-BBDD-A7804C95D609}.Debug|x64.ActiveCfg = Debug|x64
		{61521F85-A90F-402F-BBDD-A7804C95D609}.Debug|x64.Build.0 = Debug|x64
		{61521F85-A90F-402F-BBDD-A7804C95D609}.Debug|x86.ActiveCfg = Debug|Win32
		{61521F85-A90F-402F-BBDD-A7804C95D609}.Debug|x86.Build.0 = Debug|Win32
		{61521F85-A90F-402F-BBDD-A7804C95D609}.Release|x64.ActiveCfg = Release|x64
		{61521F85-A90F-402F-BBDD-A7804C95D609}.Release|x64.Build.0 = Release|x64
		{61521F85-A90F-402F-BBDD-A7804C95D609}.Release|x86.ActiveCfg = Release|Win32
		{61521F85-A90F-402F-BBDD-A7804C95D609}.Release|x86.Build.0 = Release|Win32
		{DD444182-53F6-4ED1-9A56-809CF0906D75}.Debug|x64.ActiveCfg = Debug|x64
		{DD444182-53F6-4ED1-9A56-809CF0906D75}.Debug|x64.Build.0 = Debug|x64
		{DD444182-53F6-4ED1-9A56-809CF0906D75}.Debug|x86.ActiveCfg = Debug|Win32
		{DD444182-53F6-4ED1-9A56-809CF0906D75}.Debug|x86.Build.0 = Debug|Win32
		{DD444182-53F6-4ED1-9A56-809CF0906D75}.Release|x64.ActiveCfg = Release|x64
		{DD444182-53F6-4ED1-9A56-809CF0906D75}.Release|x64.Build.0 = Release|x64
		{DD444182-53F6-4ED1-9A56-809CF0906D75}.Release|x86.ActiveCfg = Release|Win32
		{DD444182-53F6-4ED1-9A56-809CF0906D75}.Release|x86.Build.0 = Release|Win32
		{22604CF8-26BB-4EFD-AF5A-9D814BE164F2}.Debug|x64.ActiveCfg = Debug|x64
		{22604CF8-26BB-4EFD-AF5A-9D814BE164F2}.Debug|x64.Build.0 = Debug|x64
		{22604CF8-26BB-4EFD-AF5A-9D814BE164F2}.Debug|x86.ActiveCfg = Debug|Win32
		{22604CF8-26BB-4EFD-AF5A-9D814BE164F2}.Debug|x86.Build.0 = Debug|Win32
		{22604CF8-26BB-4EFD-AF5A-9D814BE164F2}.Release|x64.ActiveCfg = Release|x64
		{22604CF8-26BB-4EFD-AF5A-9D814BE164F2}.Release|x64.Build.0 = Release|x64
		{22604CF8-26BB-4EFD-AF5A-9D814BE164F2}.Release|x86.ActiveCfg = Release|Win32
		{22604CF8-26BB-4EFD-AF5A-9D814BE164F2}.Release|x86.Build.0 = Release|Win32
		{CF17009F-081E-4921-8FC1-74D571E085BA}.Debug|x64.ActiveCfg = Debug|x64
		{CF17009F-081E-4921-8FC1-74D571E085BA}.Debug|x64.Build.0 = Debug|x64
		{CF17009F-081E-4921-8FC1-74D571E085BA}.Debug|x86.ActiveCfg = Debug|Win32
		{CF17009F-081E-4921-8FC1-74D571E085BA}.Debug|x86.Build.0 = Debug|Win32
		{CF17009F-081E-4921-8FC1-74D571E085BA}.Release|x64.ActiveCfg = Release|x64
		{CF17009F-081E-4921-8FC1-74D571E085BA}.Release|x64.Build.0 = Release|x64
		{CF17009F-081E-4921-8FC1-74D571E085BA}.Release|x86.ActiveCfg = Release|Win32
		{CF17009F-081E-4921-8FC1-74D571E085BA}.Release|x86.Build.0 = Release|Win32
		{FE5C3832-F0E0-459F-816C-CA00AEC8E2E4}.Debug|x64.ActiveCfg = Debug|x64
		{FE5C3832-F0E0-459F-816C-CA00AEC8E2E4}.Debug|x64.Build.0 = Debug|x64
		{FE5C3832-F0E0-459F-816C-CA00AEC8E2E4}.Debug|x86.ActiveCfg = Debug|Win32
		{FE5C3832-F0E0-459F-816C-CA00AEC8E2E4}.Debug|x86.Build.0 = Debug|Win32
		{FE5C3832-F0E0-459F-816C-CA00AEC8E2E4}.Release|x64.ActiveCfg = Release|x64
		{FE5C3832-F0E0-459F-816C-CA00AEC8E2E4}.Release|x64.Build.0 = Release|x64
		{FE5C3832-F0E0-459F-816C-CA00AEC8E2E4}.Release|x86.ActiveCfg = Release|Win32
		{FE5C3832-F0E0-459F-816C-CA00AEC8E2E4}.Release|x86.Build.0 = Release|Win32
		{6723A93F-98D5-4564-89AD-A82F25533691}.Debug|x64.ActiveCfg = Debug|x64
		{6723A93F-98D5-4564-89AD-A82F25533691}.Debug|x64.Build.0 = Debug|x64
		{6723A93F-98D5-4564-89AD-A82F25533691}.Debug|x86.ActiveCfg = Debug|Win32
		{6723A93F-98D5-4564-89AD-A82F25533691}.Debug|x86.Build.0 = Debug|Win32
		{6723A93F-98D5-4564-89AD-A82F25533691}.Release|x64.ActiveCfg = Release|x64
		{6723A93F-98D5-4564-89AD-A82F25533691}.Release|x64.Build.0 = Release|x64
		{6723A93F-98D5-4564-89AD-A82F25533691}.Release|x86.ActiveCfg = Release|Win32
		{6723A93F-98D5-4564-89AD-A82F25533691}.Release|x86.Build.0 = Release|Win32
	EndGlobalSection
	GlobalSection(SolutionProperties) = preSolution
		HideSolutionNode = FALSE
	EndGlobalSection
EndGlobal
