
Microsoft Visual Studio Solution File, Format Version 12.00
# Visual Studio 14
VisualStudioVersion = 14.0.25420.1
MinimumVisualStudioVersion = 10.0.40219.1
Project("{8BC9CEB8-8B4A-11D0-8D11-00A0C91BC942}") = "8.3.2", "8.3.2\8.3.2.vcxproj", "{9B5B6C9A-8AEA-4F89-A895-5CF2D0BB53F9}"
EndProject
Project("{8BC9CEB8-8B4A-11D0-8D11-00A0C91BC942}") = "8.3.3", "8.3.3\8.3.3.vcxproj", "{C6FA6F42-F9EA-4A43-B4B8-CB81D9004922}"
EndProject
Project("{8BC9CEB8-8B4A-11D0-8D11-00A0C91BC942}") = "8.5.1", "8.5.1\8.5.1.vcxproj", "{AA7F9DDE-06D5-42C0-A1A5-F0AC2A0A97E6}"
EndProject
Project("{8BC9CEB8-8B4A-11D0-8D11-00A0C91BC942}") = "8.5a.1", "8.5a.1\8.5a.1.vcxproj", "{D3C87BB1-CA09-4787-98BF-A9F6A3DD6780}"
EndProject
Project("{8BC9CEB8-8B4A-11D0-8D11-00A0C91BC942}") = "8.5b.1", "8.5b.1\8.5b.1.vcxproj", "{B88BCC7D-CE82-43B1-9556-4050DA4B75EC}"
EndProject
Global
	GlobalSection(SolutionConfigurationPlatforms) = preSolution
		Debug|x64 = Debug|x64
		Debug|x86 = Debug|x86
		Release|x64 = Release|x64
		Release|x86 = Release|x86
	EndGlobalSection
	GlobalSection(ProjectConfigurationPlatforms) = postSolution
		{9B5B6C9A-8AEA-4F89-A895-5CF2D0BB53F9}.Debug|x64.ActiveCfg = Debug|x64
		{9B5B6C9A-8AEA-4F89-A895-5CF2D0BB53F9}.Debug|x64.Build.0 = Debug|x64
		{9B5B6C9A-8AEA-4F89-A895-5CF2D0BB53F9}.Debug|x86.ActiveCfg = Debug|Win32
		{9B5B6C9A-8AEA-4F89-A895-5CF2D0BB53F9}.Debug|x86.Build.0 = Debug|Win32
		{9B5B6C9A-8AEA-4F89-A895-5CF2D0BB53F9}.Release|x64.ActiveCfg = Release|x64
		{9B5B6C9A-8AEA-4F89-A895-5CF2D0BB53F9}.Release|x64.Build.0 = Release|x64
		{9B5B6C9A-8AEA-4F89-A895-5CF2D0BB53F9}.Release|x86.ActiveCfg = Release|Win32
		{9B5B6C9A-8AEA-4F89-A895-5CF2D0BB53F9}.Release|x86.Build.0 = Release|Win32
		{C6FA6F42-F9EA-4A43-B4B8-CB81D9004922}.Debug|x64.ActiveCfg = Debug|x64
		{C6FA6F42-F9EA-4A43-B4B8-CB81D9004922}.Debug|x64.Build.0 = Debug|x64
		{C6FA6F42-F9EA-4A43-B4B8-CB81D9004922}.Debug|x86.ActiveCfg = Debug|Win32
		{C6FA6F42-F9EA-4A43-B4B8-CB81D9004922}.Debug|x86.Build.0 = Debug|Win32
		{C6FA6F42-F9EA-4A43-B4B8-CB81D9004922}.Release|x64.ActiveCfg = Release|x64
		{C6FA6F42-F9EA-4A43-B4B8-CB81D9004922}.Release|x64.Build.0 = Release|x64
		{C6FA6F42-F9EA-4A43-B4B8-CB81D9004922}.Release|x86.ActiveCfg = Release|Win32
		{C6FA6F42-F9EA-4A43-B4B8-CB81D9004922}.Release|x86.Build.0 = Release|Win32
		{AA7F9DDE-06D5-42C0-A1A5-F0AC2A0A97E6}.Debug|x64.ActiveCfg = Debug|x64
		{AA7F9DDE-06D5-42C0-A1A5-F0AC2A0A97E6}.Debug|x64.Build.0 = Debug|x64
		{AA7F9DDE-06D5-42C0-A1A5-F0AC2A0A97E6}.Debug|x86.ActiveCfg = Debug|Win32
		{AA7F9DDE-06D5-42C0-A1A5-F0AC2A0A97E6}.Debug|x86.Build.0 = Debug|Win32
		{AA7F9DDE-06D5-42C0-A1A5-F0AC2A0A97E6}.Release|x64.ActiveCfg = Release|x64
		{AA7F9DDE-06D5-42C0-A1A5-F0AC2A0A97E6}.Release|x64.Build.0 = Release|x64
		{AA7F9DDE-06D5-42C0-A1A5-F0AC2A0A97E6}.Release|x86.ActiveCfg = Release|Win32
		{AA7F9DDE-06D5-42C0-A1A5-F0AC2A0A97E6}.Release|x86.Build.0 = Release|Win32
		{D3C87BB1-CA09-4787-98BF-A9F6A3DD6780}.Debug|x64.ActiveCfg = Debug|x64
		{D3C87BB1-CA09-4787-98BF-A9F6A3DD6780}.Debug|x64.Build.0 = Debug|x64
		{D3C87BB1-CA09-4787-98BF-A9F6A3DD6780}.Debug|x86.ActiveCfg = Debug|Win32
		{D3C87BB1-CA09-4787-98BF-A9F6A3DD6780}.Debug|x86.Build.0 = Debug|Win32
		{D3C87BB1-CA09-4787-98BF-A9F6A3DD6780}.Release|x64.ActiveCfg = Release|x64
		{D3C87BB1-CA09-4787-98BF-A9F6A3DD6780}.Release|x64.Build.0 = Release|x64
		{D3C87BB1-CA09-4787-98BF-A9F6A3DD6780}.Release|x86.ActiveCfg = Release|Win32
		{D3C87BB1-CA09-4787-98BF-A9F6A3DD6780}.Release|x86.Build.0 = Release|Win32
		{B88BCC7D-CE82-43B1-9556-4050DA4B75EC}.Debug|x64.ActiveCfg = Debug|x64
		{B88BCC7D-CE82-43B1-9556-4050DA4B75EC}.Debug|x64.Build.0 = Debug|x64
		{B88BCC7D-CE82-43B1-9556-4050DA4B75EC}.Debug|x86.ActiveCfg = Debug|Win32
		{B88BCC7D-CE82-43B1-9556-4050DA4B75EC}.Debug|x86.Build.0 = Debug|Win32
		{B88BCC7D-CE82-43B1-9556-4050DA4B75EC}.Release|x64.ActiveCfg = Release|x64
		{B88BCC7D-CE82-43B1-9556-4050DA4B75EC}.Release|x64.Build.0 = Release|x64
		{B88BCC7D-CE82-43B1-9556-4050DA4B75EC}.Release|x86.ActiveCfg = Release|Win32
		{B88BCC7D-CE82-43B1-9556-4050DA4B75EC}.Release|x86.Build.0 = Release|Win32
	EndGlobalSection
	GlobalSection(SolutionProperties) = preSolution
		HideSolutionNode = FALSE
	EndGlobalSection
EndGlobal
